
Microsoft Visual Studio Solution File, Format Version 12.00
# Visual Studio Version 17
VisualStudioVersion = 17.14.37314.3
MinimumVisualStudioVersion = 10.0.40219.1
Project("{FAE04EC0-301F-11D3-BF4B-00C04F79EFBC}") = "Polson.Runtime", "src\Polson.Runtime\Polson.Runtime.csproj", "{151031A1-51E5-EDC9-7434-67135AF547D3}"
EndProject
Project("{2150E333-8FDC-42A3-9474-1A3956D46DE8}") = "Docs", "Docs", "{02EA681E-C7D8-13C7-8484-4AC65E1B71E8}"
	ProjectSection(SolutionItems) = preProject
		GEMINI.md = GEMINI.md
	EndProjectSection
EndProject
Project("{2150E333-8FDC-42A3-9474-1A3956D46DE8}") = "Base", "Base", "{1F4431D7-4908-4E3F-B7B5-7F049A132EA8}"
EndProject
Project("{2150E333-8FDC-42A3-9474-1A3956D46DE8}") = "Drawing", "Drawing", "{197F8A82-3208-431C-A64B-994C3F6AED6B}"
EndProject
Project("{FAE04EC0-301F-11D3-BF4B-00C04F79EFBC}") = "Polson.Drawing.Svg", "src\Polson.Drawing.Svg\Polson.Drawing.Svg.csproj", "{7850AF24-B246-4959-82F6-A7384FA80097}"
EndProject
Global
	GlobalSection(SolutionConfigurationPlatforms) = preSolution
		Debug|Any CPU = Debug|Any CPU
		Release|Any CPU = Release|Any CPU
	EndGlobalSection
	GlobalSection(ProjectConfigurationPlatforms) = postSolution
		{151031A1-51E5-EDC9-7434-67135AF547D3}.Debug|Any CPU.ActiveCfg = Debug|Any CPU
		{151031A1-51E5-EDC9-7434-67135AF547D3}.Debug|Any CPU.Build.0 = Debug|Any CPU
		{151031A1-51E5-EDC9-7434-67135AF547D3}.Release|Any CPU.ActiveCfg = Release|Any CPU
		{151031A1-51E5-EDC9-7434-67135AF547D3}.Release|Any CPU.Build.0 = Release|Any CPU
		{7850AF24-B246-4959-82F6-A7384FA80097}.Debug|Any CPU.ActiveCfg = Debug|Any CPU
		{7850AF24-B246-4959-82F6-A7384FA80097}.Debug|Any CPU.Build.0 = Debug|Any CPU
		{7850AF24-B246-4959-82F6-A7384FA80097}.Release|Any CPU.ActiveCfg = Release|Any CPU
		{7850AF24-B246-4959-82F6-A7384FA80097}.Release|Any CPU.Build.0 = Release|Any CPU
	EndGlobalSection
	GlobalSection(SolutionProperties) = preSolution
		HideSolutionNode = FALSE
	EndGlobalSection
	GlobalSection(NestedProjects) = preSolution
		{151031A1-51E5-EDC9-7434-67135AF547D3} = {1F4431D7-4908-4E3F-B7B5-7F049A132EA8}
		{7850AF24-B246-4959-82F6-A7384FA80097} = {197F8A82-3208-431C-A64B-994C3F6AED6B}
	EndGlobalSection
	GlobalSection(ExtensibilityGlobals) = postSolution
		SolutionGuid = {2DF37766-8B92-4747-B457-BA77EC32B15D}
	EndGlobalSection
EndGlobal
