
Microsoft Visual Studio Solution File, Format Version 12.00
# Visual Studio Version 17
VisualStudioVersion = 17.14.37314.3
MinimumVisualStudioVersion = 10.0.40219.1
Project("{FAE04EC0-301F-11D3-BF4B-00C04F79EFBC}") = "Polson.Runtime", "src\Polson.Runtime\Polson.Runtime.csproj", "{151031A1-51E5-EDC9-7434-67135AF547D3}"
EndProject
Project("{2150E333-8FDC-42A3-9474-1A3956D46DE8}") = "Docs", "Docs", "{02EA681E-C7D8-13C7-8484-4AC65E1B71E8}"
	ProjectSection(SolutionItems) = preProject
		.gitignore = .gitignore
		CLAUDE.md = CLAUDE.md
		GEMINI.md = GEMINI.md
		LICENSE = LICENSE
	EndProjectSection
EndProject
Project("{2150E333-8FDC-42A3-9474-1A3956D46DE8}") = "Base", "Base", "{1F4431D7-4908-4E3F-B7B5-7F049A132EA8}"
EndProject
Project("{2150E333-8FDC-42A3-9474-1A3956D46DE8}") = "Drawing", "Drawing", "{197F8A82-3208-431C-A64B-994C3F6AED6B}"
EndProject
Project("{FAE04EC0-301F-11D3-BF4B-00C04F79EFBC}") = "Polson.Drawing.Svg", "src\Polson.Drawing.Svg\Polson.Drawing.Svg.csproj", "{7850AF24-B246-4959-82F6-A7384FA80097}"
EndProject
Project("{2150E333-8FDC-42A3-9474-1A3956D46DE8}") = "Core", "Core", "{A4143B36-6E75-4308-B2B6-4DCE55992386}"
EndProject
Project("{FAE04EC0-301F-11D3-BF4B-00C04F79EFBC}") = "Polson.MCPServer", "src\Polson.MCPServer\Polson.MCPServer.csproj", "{A2527E29-984A-4465-B473-8F820FFD772D}"
EndProject
Project("{2150E333-8FDC-42A3-9474-1A3956D46DE8}") = "Tests", "Tests", "{8EC751EC-0FE7-4024-8D29-3E77BCBFC55F}"
EndProject
Project("{FAE04EC0-301F-11D3-BF4B-00C04F79EFBC}") = "Polson.Tests.Drawing", "tests\Polson.Tests.Drawing\Polson.Tests.Drawing.csproj", "{04F0A7A5-F5AD-4B59-95C4-4568CE8B4BFD}"
EndProject
Project("{FAE04EC0-301F-11D3-BF4B-00C04F79EFBC}") = "Polson.Drawing.Skia", "src\Polson.Drawing.Skia\Polson.Drawing.Skia.csproj", "{1C8C98AD-7EBE-44D6-3365-B481C40AB7A1}"
EndProject
Project("{FAE04EC0-301F-11D3-BF4B-00C04F79EFBC}") = "Polson.CLI", "src\Polson.CLI\Polson.CLI.csproj", "{8EBED04F-5231-478A-9612-C2D47A15AFDF}"
EndProject
Project("{FAE04EC0-301F-11D3-BF4B-00C04F79EFBC}") = "Polson.Tests.MCPServer", "tests\Polson.Tests.MCPServer\Polson.Tests.MCPServer.csproj", "{0A16DFAA-6F37-4E7E-B148-13DEC325396A}"
EndProject
Project("{2150E333-8FDC-42A3-9474-1A3956D46DE8}") = "agent", "agent", "{AD454CB9-A393-4E4E-985C-45B0D9E3F729}"
EndProject
Project("{2150E333-8FDC-42A3-9474-1A3956D46DE8}") = "mcp_server", "mcp_server", "{F4193D1A-B76D-4BB1-AE34-E49F0ACBCA78}"
EndProject
Project("{2150E333-8FDC-42A3-9474-1A3956D46DE8}") = "gemini", "gemini", "{2CC027AD-3534-4DB3-8661-813DD304A135}"
	ProjectSection(SolutionItems) = preProject
		tests\agent\mcp_server\gemini\.agents\mcp_config.json = tests\agent\mcp_server\gemini\.agents\mcp_config.json
	EndProjectSection
EndProject
Project("{2150E333-8FDC-42A3-9474-1A3956D46DE8}") = "claude", "claude", "{796ED5FA-3F41-4EED-8A49-45873F844903}"
	ProjectSection(SolutionItems) = preProject
		tests\agent\mcp_server\claude\.mcp.json = tests\agent\mcp_server\claude\.mcp.json
		tests\agent\mcp_server\claude\CLAUDE.md = tests\agent\mcp_server\claude\CLAUDE.md
	EndProjectSection
EndProject
Project("{2150E333-8FDC-42A3-9474-1A3956D46DE8}") = "multi_agent", "multi_agent", "{4484F911-10D8-410E-BF8D-0F68CF3A5E67}"
EndProject
Project("{2150E333-8FDC-42A3-9474-1A3956D46DE8}") = "logo_studio", "logo_studio", "{BE88C417-E703-4AE5-9E9F-2400DD2E6D56}"
EndProject
Project("{2150E333-8FDC-42A3-9474-1A3956D46DE8}") = "gemini", "gemini", "{AB429047-EA15-4691-9421-04955733071B}"
EndProject
Project("{FAE04EC0-301F-11D3-BF4B-00C04F79EFBC}") = "Polson.ExtendedMind", "src\Polson.ExtendedMind\Polson.ExtendedMind.csproj", "{B1BC466F-F7E0-4C39-950F-1F4B8EBC492C}"
EndProject
Project("{FAE04EC0-301F-11D3-BF4B-00C04F79EFBC}") = "Polson.Tests.ExtendedMind", "tests\Polson.Tests.ExtendedMind\Polson.Tests.ExtendedMind.csproj", "{E279650A-E45C-4D8D-90CD-77FCC92B9B94}"
EndProject
Project("{2150E333-8FDC-42A3-9474-1A3956D46DE8}") = "Scripts", "Scripts", "{4A8DBB6B-BCD8-4140-9DED-8BF57F442CD5}"
	ProjectSection(SolutionItems) = preProject
		src\web\install.cmd = src\web\install.cmd
		src\web\install.sh = src\web\install.sh
	EndProjectSection
EndProject
Global
	GlobalSection(SolutionConfigurationPlatforms) = preSolution
		Debug|Any CPU = Debug|Any CPU
		Release|Any CPU = Release|Any CPU
	EndGlobalSection
	GlobalSection(ProjectConfigurationPlatforms) = postSolution
		{151031A1-51E5-EDC9-7434-67135AF547D3}.Debug|Any CPU.ActiveCfg = Debug|Any CPU
		{151031A1-51E5-EDC9-7434-67135AF547D3}.Debug|Any CPU.Build.0 = Debug|Any CPU
		{151031A1-51E5-EDC9-7434-67135AF547D3}.Release|Any CPU.ActiveCfg = Release|Any CPU
		{151031A1-51E5-EDC9-7434-67135AF547D3}.Release|Any CPU.Build.0 = Release|Any CPU
		{7850AF24-B246-4959-82F6-A7384FA80097}.Debug|Any CPU.ActiveCfg = Debug|Any CPU
		{7850AF24-B246-4959-82F6-A7384FA80097}.Debug|Any CPU.Build.0 = Debug|Any CPU
		{7850AF24-B246-4959-82F6-A7384FA80097}.Release|Any CPU.ActiveCfg = Release|Any CPU
		{7850AF24-B246-4959-82F6-A7384FA80097}.Release|Any CPU.Build.0 = Release|Any CPU
		{A2527E29-984A-4465-B473-8F820FFD772D}.Debug|Any CPU.ActiveCfg = Debug|Any CPU
		{A2527E29-984A-4465-B473-8F820FFD772D}.Debug|Any CPU.Build.0 = Debug|Any CPU
		{A2527E29-984A-4465-B473-8F820FFD772D}.Release|Any CPU.ActiveCfg = Release|Any CPU
		{A2527E29-984A-4465-B473-8F820FFD772D}.Release|Any CPU.Build.0 = Release|Any CPU
		{04F0A7A5-F5AD-4B59-95C4-4568CE8B4BFD}.Debug|Any CPU.ActiveCfg = Debug|Any CPU
		{04F0A7A5-F5AD-4B59-95C4-4568CE8B4BFD}.Debug|Any CPU.Build.0 = Debug|Any CPU
		{04F0A7A5-F5AD-4B59-95C4-4568CE8B4BFD}.Release|Any CPU.ActiveCfg = Release|Any CPU
		{04F0A7A5-F5AD-4B59-95C4-4568CE8B4BFD}.Release|Any CPU.Build.0 = Release|Any CPU
		{1C8C98AD-7EBE-44D6-3365-B481C40AB7A1}.Debug|Any CPU.ActiveCfg = Debug|Any CPU
		{1C8C98AD-7EBE-44D6-3365-B481C40AB7A1}.Debug|Any CPU.Build.0 = Debug|Any CPU
		{1C8C98AD-7EBE-44D6-3365-B481C40AB7A1}.Release|Any CPU.ActiveCfg = Release|Any CPU
		{1C8C98AD-7EBE-44D6-3365-B481C40AB7A1}.Release|Any CPU.Build.0 = Release|Any CPU
		{8EBED04F-5231-478A-9612-C2D47A15AFDF}.Debug|Any CPU.ActiveCfg = Debug|Any CPU
		{8EBED04F-5231-478A-9612-C2D47A15AFDF}.Debug|Any CPU.Build.0 = Debug|Any CPU
		{8EBED04F-5231-478A-9612-C2D47A15AFDF}.Release|Any CPU.ActiveCfg = Release|Any CPU
		{8EBED04F-5231-478A-9612-C2D47A15AFDF}.Release|Any CPU.Build.0 = Release|Any CPU
		{0A16DFAA-6F37-4E7E-B148-13DEC325396A}.Debug|Any CPU.ActiveCfg = Debug|Any CPU
		{0A16DFAA-6F37-4E7E-B148-13DEC325396A}.Debug|Any CPU.Build.0 = Debug|Any CPU
		{0A16DFAA-6F37-4E7E-B148-13DEC325396A}.Release|Any CPU.ActiveCfg = Release|Any CPU
		{0A16DFAA-6F37-4E7E-B148-13DEC325396A}.Release|Any CPU.Build.0 = Release|Any CPU
		{B1BC466F-F7E0-4C39-950F-1F4B8EBC492C}.Debug|Any CPU.ActiveCfg = Debug|Any CPU
		{B1BC466F-F7E0-4C39-950F-1F4B8EBC492C}.Debug|Any CPU.Build.0 = Debug|Any CPU
		{B1BC466F-F7E0-4C39-950F-1F4B8EBC492C}.Release|Any CPU.ActiveCfg = Release|Any CPU
		{B1BC466F-F7E0-4C39-950F-1F4B8EBC492C}.Release|Any CPU.Build.0 = Release|Any CPU
		{E279650A-E45C-4D8D-90CD-77FCC92B9B94}.Debug|Any CPU.ActiveCfg = Debug|Any CPU
		{E279650A-E45C-4D8D-90CD-77FCC92B9B94}.Debug|Any CPU.Build.0 = Debug|Any CPU
		{E279650A-E45C-4D8D-90CD-77FCC92B9B94}.Release|Any CPU.ActiveCfg = Release|Any CPU
		{E279650A-E45C-4D8D-90CD-77FCC92B9B94}.Release|Any CPU.Build.0 = Release|Any CPU
	EndGlobalSection
	GlobalSection(SolutionProperties) = preSolution
		HideSolutionNode = FALSE
	EndGlobalSection
	GlobalSection(NestedProjects) = preSolution
		{151031A1-51E5-EDC9-7434-67135AF547D3} = {1F4431D7-4908-4E3F-B7B5-7F049A132EA8}
		{7850AF24-B246-4959-82F6-A7384FA80097} = {197F8A82-3208-431C-A64B-994C3F6AED6B}
		{A2527E29-984A-4465-B473-8F820FFD772D} = {A4143B36-6E75-4308-B2B6-4DCE55992386}
		{04F0A7A5-F5AD-4B59-95C4-4568CE8B4BFD} = {8EC751EC-0FE7-4024-8D29-3E77BCBFC55F}
		{1C8C98AD-7EBE-44D6-3365-B481C40AB7A1} = {197F8A82-3208-431C-A64B-994C3F6AED6B}
		{8EBED04F-5231-478A-9612-C2D47A15AFDF} = {A4143B36-6E75-4308-B2B6-4DCE55992386}
		{0A16DFAA-6F37-4E7E-B148-13DEC325396A} = {8EC751EC-0FE7-4024-8D29-3E77BCBFC55F}
		{AD454CB9-A393-4E4E-985C-45B0D9E3F729} = {8EC751EC-0FE7-4024-8D29-3E77BCBFC55F}
		{F4193D1A-B76D-4BB1-AE34-E49F0ACBCA78} = {AD454CB9-A393-4E4E-985C-45B0D9E3F729}
		{2CC027AD-3534-4DB3-8661-813DD304A135} = {F4193D1A-B76D-4BB1-AE34-E49F0ACBCA78}
		{796ED5FA-3F41-4EED-8A49-45873F844903} = {F4193D1A-B76D-4BB1-AE34-E49F0ACBCA78}
		{4484F911-10D8-410E-BF8D-0F68CF3A5E67} = {8EC751EC-0FE7-4024-8D29-3E77BCBFC55F}
		{BE88C417-E703-4AE5-9E9F-2400DD2E6D56} = {4484F911-10D8-410E-BF8D-0F68CF3A5E67}
		{AB429047-EA15-4691-9421-04955733071B} = {BE88C417-E703-4AE5-9E9F-2400DD2E6D56}
		{B1BC466F-F7E0-4C39-950F-1F4B8EBC492C} = {A4143B36-6E75-4308-B2B6-4DCE55992386}
		{E279650A-E45C-4D8D-90CD-77FCC92B9B94} = {8EC751EC-0FE7-4024-8D29-3E77BCBFC55F}
	EndGlobalSection
	GlobalSection(ExtensibilityGlobals) = postSolution
		SolutionGuid = {2DF37766-8B92-4747-B457-BA77EC32B15D}
	EndGlobalSection
EndGlobal
