{
  "version": 1,
  "dependencies": {
    "net10.0": {
      "AngleSharp": {
        "type": "Direct",
        "requested": "[1.7.2, )",
        "resolved": "1.7.2",
        "contentHash": "r1rb5Qo/0KPzmP0nbSiXPDVfh4Ctu0B+y1RyyUq73g4sgAmEW7q10RDyTq2ZsILwtO9O2LAvMrUles7eD4zz1g=="
      },
      "AngleSharp.Css": {
        "type": "Direct",
        "requested": "[1.0.2, )",
        "resolved": "1.0.2",
        "contentHash": "XeBxh0h/73+MWFsGfeMwiK7xbzAK3YeHFdUIrMH1P90amIrDFD/vUDIrPlF3CixqaMH5MRIUvT6Ux+2zvhJ3SA==",
        "dependencies": {
          "AngleSharp": "[1.5.0, 2.0.0)"
        }
      }
    }
  }
}